
Microsoft Visual Studio Solution File, Format Version 12.00
# Visual Studio Version 17
VisualStudioVersion = 17.0.31903.59
MinimumVisualStudioVersion = 10.0.40219.1
Project("{FAE04EC0-301F-11D3-BF4B-00C04F79EFBC}") = "LocalPlanner.Desktop", "src\LocalPlanner.Desktop\LocalPlanner.Desktop.csproj", "{15BA0EE7-E832-4D0E-84F9-9B0FD284C938}"
EndProject
Global
	GlobalSection(SolutionConfigurationPlatforms) = preSolution
		Debug|Any CPU = Debug|Any CPU
		Release|Any CPU = Release|Any CPU
	EndGlobalSection
	GlobalSection(ProjectConfigurationPlatforms) = postSolution
		{15BA0EE7-E832-4D0E-84F9-9B0FD284C938}.Debug|Any CPU.ActiveCfg = Debug|Any CPU
		{15BA0EE7-E832-4D0E-84F9-9B0FD284C938}.Debug|Any CPU.Build.0 = Debug|Any CPU
		{15BA0EE7-E832-4D0E-84F9-9B0FD284C938}.Release|Any CPU.ActiveCfg = Release|Any CPU
		{15BA0EE7-E832-4D0E-84F9-9B0FD284C938}.Release|Any CPU.Build.0 = Release|Any CPU
	EndGlobalSection
	GlobalSection(SolutionProperties) = preSolution
		HideSolutionNode = FALSE
	EndGlobalSection
EndGlobal
